
Microsoft Visual Studio Solution File, Format Version 12.00
# Visual Studio Version 17
VisualStudioVersion = 17.1.32210.238
MinimumVisualStudioVersion = 10.0.40219.1
Project("{FAE04EC0-301F-11D3-BF4B-00C04F79EFBC}") = "TestingUserSettings.Framework", "TestingUserSettings.Framework\TestingUserSettings.Framework.csproj", "{51985537-5364-4291-93AB-E70E13E28F11}"
EndProject
Project("{FAE04EC0-301F-11D3-BF4B-00C04F79EFBC}") = "TestingUserSettings.Core", "TestingUserSettings.Core\TestingUserSettings.Core.csproj", "{F2F4413A-8431-4002-8FB1-59E1E4BD20C6}"
EndProject
Global
	GlobalSection(SolutionConfigurationPlatforms) = preSolution
		Debug|Any CPU = Debug|Any CPU
		Release|Any CPU = Release|Any CPU
	EndGlobalSection
	GlobalSection(ProjectConfigurationPlatforms) = postSolution
		{51985537-5364-4291-93AB-E70E13E28F11}.Debug|Any CPU.ActiveCfg = Debug|Any CPU
		{51985537-5364-4291-93AB-E70E13E28F11}.Debug|Any CPU.Build.0 = Debug|Any CPU
		{51985537-5364-4291-93AB-E70E13E28F11}.Release|Any CPU.ActiveCfg = Release|Any CPU
		{51985537-5364-4291-93AB-E70E13E28F11}.Release|Any CPU.Build.0 = Release|Any CPU
		{F2F4413A-8431-4002-8FB1-59E1E4BD20C6}.Debug|Any CPU.ActiveCfg = Debug|Any CPU
		{F2F4413A-8431-4002-8FB1-59E1E4BD20C6}.Debug|Any CPU.Build.0 = Debug|Any CPU
		{F2F4413A-8431-4002-8FB1-59E1E4BD20C6}.Release|Any CPU.ActiveCfg = Release|Any CPU
		{F2F4413A-8431-4002-8FB1-59E1E4BD20C6}.Release|Any CPU.Build.0 = Release|Any CPU
	EndGlobalSection
	GlobalSection(SolutionProperties) = preSolution
		HideSolutionNode = FALSE
	EndGlobalSection
	GlobalSection(ExtensibilityGlobals) = postSolution
		SolutionGuid = {CEE70A37-D269-46C0-9CD6-29C0FA866BA9}
	EndGlobalSection
EndGlobal
